
Microsoft Visual Studio Solution File, Format Version 12.00
# Visual Studio 2013
VisualStudioVersion = 12.0.30501.0
MinimumVisualStudioVersion = 10.0.40219.1
Project("{FAE04EC0-301F-11D3-BF4B-00C04F79EFBC}") = "BlueInt32.Core", "BlueInt32.Core\BlueInt32.Core.csproj", "{C3F38F6F-41EA-4815-A117-F959F46F3282}"
EndProject
Project("{FAE04EC0-301F-11D3-BF4B-00C04F79EFBC}") = "BlueInt32.Mvc", "BlueInt32.Mvc\BlueInt32.Mvc.csproj", "{F2B4CE65-9BF7-41B3-9A1B-2CB75C9F5B67}"
EndProject
Project("{FAE04EC0-301F-11D3-BF4B-00C04F79EFBC}") = "BlueInt32.Core.Test", "BlueInt32.Core.Test\BlueInt32.Core.Test.csproj", "{6A760B7B-E7C4-4650-A976-306D24F2A06E}"
EndProject
Global
	GlobalSection(SolutionConfigurationPlatforms) = preSolution
		Debug|Any CPU = Debug|Any CPU
		Release|Any CPU = Release|Any CPU
	EndGlobalSection
	GlobalSection(ProjectConfigurationPlatforms) = postSolution
		{C3F38F6F-41EA-4815-A117-F959F46F3282}.Debug|Any CPU.ActiveCfg = Debug|Any CPU
		{C3F38F6F-41EA-4815-A117-F959F46F3282}.Debug|Any CPU.Build.0 = Debug|Any CPU
		{C3F38F6F-41EA-4815-A117-F959F46F3282}.Release|Any CPU.ActiveCfg = Release|Any CPU
		{C3F38F6F-41EA-4815-A117-F959F46F3282}.Release|Any CPU.Build.0 = Release|Any CPU
		{F2B4CE65-9BF7-41B3-9A1B-2CB75C9F5B67}.Debug|Any CPU.ActiveCfg = Debug|Any CPU
		{F2B4CE65-9BF7-41B3-9A1B-2CB75C9F5B67}.Debug|Any CPU.Build.0 = Debug|Any CPU
		{F2B4CE65-9BF7-41B3-9A1B-2CB75C9F5B67}.Release|Any CPU.ActiveCfg = Release|Any CPU
		{F2B4CE65-9BF7-41B3-9A1B-2CB75C9F5B67}.Release|Any CPU.Build.0 = Release|Any CPU
		{6A760B7B-E7C4-4650-A976-306D24F2A06E}.Debug|Any CPU.ActiveCfg = Debug|Any CPU
		{6A760B7B-E7C4-4650-A976-306D24F2A06E}.Debug|Any CPU.Build.0 = Debug|Any CPU
		{6A760B7B-E7C4-4650-A976-306D24F2A06E}.Release|Any CPU.ActiveCfg = Release|Any CPU
		{6A760B7B-E7C4-4650-A976-306D24F2A06E}.Release|Any CPU.Build.0 = Release|Any CPU
	EndGlobalSection
	GlobalSection(SolutionProperties) = preSolution
		HideSolutionNode = FALSE
	EndGlobalSection
EndGlobal
